{
  "version": 4,
  "terraform_version": "1.1.6",
  "serial": 105,
  "lineage": "7e7fb926-54a3-a180-a286-79b4962670d8",
  "outputs": {},
  "resources": [
    {
      "mode": "managed",
      "type": "google_artifact_registry_repository",
      "name": "my_repo",
      "provider": "provider[\"registry.terraform.io/hashicorp/google-beta\"]",
      "instances": [
        {
          "schema_version": 0,
          "attributes": {
            "create_time": "2022-07-27T03:31:54.670440Z",
            "description": "Docker repository",
            "format": "DOCKER",
            "id": "projects/angular-cosmos-280512/locations/us-central1/repositories/hello-repo",
            "kms_key_name": "",
            "labels": {},
            "location": "us-central1",
            "maven_config": [],
            "name": "hello-repo",
            "project": "angular-cosmos-280512",
            "repository_id": "hello-repo",
            "timeouts": {
              "create": null,
              "delete": null,
              "update": null
            },
            "update_time": "2022-07-27T03:31:54.670440Z"
          },
          "sensitive_attributes": [],
          "private": "eyJlMmJmYjczMC1lY2FhLTExZTYtOGY4OC0zNDM2M2JjN2M0YzAiOnsiY3JlYXRlIjoxMjAwMDAwMDAwMDAwLCJkZWxldGUiOjEyMDAwMDAwMDAwMDAsInVwZGF0ZSI6MTIwMDAwMDAwMDAwMH0sInNjaGVtYV92ZXJzaW9uIjoiMCJ9"
        }
      ]
    },
    {
      "mode": "managed",
      "type": "google_container_cluster",
      "name": "hello_cluster",
      "provider": "provider[\"registry.terraform.io/hashicorp/google\"]",
      "instances": [
        {
          "schema_version": 1,
          "attributes": {
            "addons_config": [
              {
                "cloudrun_config": [],
                "horizontal_pod_autoscaling": [],
                "http_load_balancing": [],
                "network_policy_config": [
                  {
                    "disabled": true
                  }
                ]
              }
            ],
            "authenticator_groups_config": [],
            "cluster_autoscaling": [
              {
                "auto_provisioning_defaults": [],
                "enabled": false,
                "resource_limits": []
              }
            ],
            "cluster_ipv4_cidr": "10.64.0.0/14",
            "database_encryption": [
              {
                "key_name": "",
                "state": "DECRYPTED"
              }
            ],
            "datapath_provider": "",
            "default_max_pods_per_node": 110,
            "default_snat_status": [],
            "description": "",
            "enable_autopilot": null,
            "enable_binary_authorization": false,
            "enable_intranode_visibility": false,
            "enable_kubernetes_alpha": false,
            "enable_legacy_abac": false,
            "enable_shielded_nodes": true,
            "enable_tpu": false,
            "endpoint": "34.172.103.21",
            "id": "projects/angular-cosmos-280512/locations/us-central1/clusters/hello-cluster",
            "initial_node_count": 0,
            "instance_group_urls": [
              "https://www.googleapis.com/compute/v1/projects/angular-cosmos-280512/zones/us-central1-f/instanceGroups/gke-hello-cluster-default-pool-c724dfc7-grp",
              "https://www.googleapis.com/compute/v1/projects/angular-cosmos-280512/zones/us-central1-b/instanceGroups/gke-hello-cluster-default-pool-74574a6f-grp",
              "https://www.googleapis.com/compute/v1/projects/angular-cosmos-280512/zones/us-central1-c/instanceGroups/gke-hello-cluster-default-pool-f6b626b5-grp"
            ],
            "ip_allocation_policy": [
              {
                "cluster_ipv4_cidr_block": "10.64.0.0/14",
                "cluster_secondary_range_name": "gke-hello-cluster-pods-30dc3cd5",
                "services_ipv4_cidr_block": "10.68.0.0/20",
                "services_secondary_range_name": "gke-hello-cluster-services-30dc3cd5"
              }
            ],
            "label_fingerprint": "a9dc16a7",
            "location": "us-central1",
            "logging_service": "logging.googleapis.com/kubernetes",
            "maintenance_policy": [],
            "master_auth": [
              {
                "client_certificate": "",
                "client_certificate_config": [
                  {
                    "issue_client_certificate": false
                  }
                ],
                "client_key": "",
                "cluster_ca_certificate": "LS0tLS1CRUdJTiBDRVJUSUZJQ0FURS0tLS0tCk1JSUVMVENDQXBXZ0F3SUJBZ0lSQVBlR0xyVk42N2R4L1poVFB5ZTJ2cUF3RFFZSktvWklodmNOQVFFTEJRQXcKTHpFdE1Dc0dBMVVFQXhNa09EazVaakEzWW1VdE9ERTFNUzAwT1RFMkxUaGxNVFF0TVRJd1pqazNZalJtTXpNeApNQ0FYRFRJeU1EY3lOekF4TkRVek9Wb1lEekl3TlRJd056RTVNREkwTlRNNVdqQXZNUzB3S3dZRFZRUURFeVE0Ck9UbG1NRGRpWlMwNE1UVXhMVFE1TVRZdE9HVXhOQzB4TWpCbU9UZGlOR1l6TXpFd2dnR2lNQTBHQ1NxR1NJYjMKRFFFQkFRVUFBNElCandBd2dnR0tBb0lCZ1FDUXN6ZUI3amJxNDNjbXI2UENrYnljdU1RS1BEVis4bDlENzNPSgpkb2hZWHVoeVJ1WUNUcXZMRnV2SXJ4UWlWcUhyUDlheThTQXNkcSt4cUR5Y2ZnMjdEelJ6amFuNlJEZ2pQVzlrCmttOEpxMHV0ekdLMWN5WVlUcFU1UTZqZGlRSmxzNVQvdlJTZ2cwREppUlJqc1NHTGZpMEYxTnlISThYNEo5ZmsKTktRY24zR1llSkpZM2V0WmxiN0djV3pPeXc0TTl0S1dTSStPY3ZvaGJZUGhGTGNXVjlDTWF2dEhvM1NMWnhXcwppWE83L1FBYUJ4N3hTMytpM1FhbUJEWHFRQngrOW03eitvL2VyMVc5dURpTUQrSnJVdjcvU3FRZzllZldld3RQCm9QaVdSY3I3czF5dVVZOHcrYW1NNnd5U3h5T2htL1dVeGNnanZ3dEs4OXY5YmhGQUZleXhaZHpaRXJQeDFnUWkKRk53SnpDVVhIaXBvbVlCZGRLVVFGYm9BTVVnc2lPY2dsQUJmcXpjVEZJWmJ0bGZST1o5VjljMTdKMTRkVTNtUApXRWRoQ0lOUFJlQkU1S3NMeVRmWDhxUDhyUlZhajFQdWVoREJ3R01UbkMzWFJqOFA4b3NLOFpmTzFVVjBXUCt3CjNORksyUXNiZkVYRzlWU0RLSjNNMjZUUzFnMENBd0VBQWFOQ01FQXdEZ1lEVlIwUEFRSC9CQVFEQWdJRU1BOEcKQTFVZEV3RUIvd1FGTUFNQkFmOHdIUVlEVlIwT0JCWUVGS3JnQm9YaVM4Uk9IVUxEWm43bFRtWDZQaEFRTUEwRwpDU3FHU0liM0RRRUJDd1VBQTRJQmdRQkpPVlVVSEhLVGhKVUtHT2ROQ2FRUS9uVVhPUXB5ck96R0xlRitTUHg2CkU3d1hna1Q4Y240UUNlaTRGL3VQK2xWYm5XRzNxQk9Lckpmd2ZLT01OQjBZRFpJdzZOQkk2UlpsQThsRHFWNEUKN25WUWE4NE5hMjM5aFZLUUpiNXZiWEdoaG8raUxpRW91YmtyUVhwbVBWc0d0cWhwZlFNa3RydTBKTzlDNjM4NwpQakRTUk9zSGFXM2NSN3VLREVPM2gvT0kvME43K0dLejNoMlVaUlNtbTk4TTVDRlpqQmN2RThrblpQTmoxVWNICnpkVndRNGFkMkplUDVkVGxqRzZjSDUvd2I5MWhybTlURndXT0VHOE9ZZll6dFJ2M2wwQUdRVFZMZXVuSGxGL04KU1FQOWIxcm9iTkorcXZTaXZoMjdmdFoxY29YNmxRK2RzY1gvaWVpb0RRMUFZS2xUSkEyMGdtc3AzckxkODNJYQpqUUw0ME9XWWMxYnovM1FMSEN6K21mUDdXZ29CekZDanVDMExIdG45dGNIQjZVTVRLMGJ3d0tqMUhaU1J4VFNrCm1WbS9hdmNEOXdJc0U2V0tOMkhpc3FybUVSdmlmMWRUak9nM24wQ1pzWUxaKzExR1FBMGxJVnFvdmNRcjRnUmMKejZUSzRpbG1GQW5sUElDV01USDlSMkE9Ci0tLS0tRU5EIENFUlRJRklDQVRFLS0tLS0K",
                "password": "",
                "username": ""
              }
            ],
            "master_authorized_networks_config": [],
            "master_version": "1.22.8-gke.202",
            "min_master_version": null,
            "monitoring_service": "monitoring.googleapis.com/kubernetes",
            "name": "hello-cluster",
            "network": "projects/angular-cosmos-280512/global/networks/default",
            "network_policy": [
              {
                "enabled": false,
                "provider": "PROVIDER_UNSPECIFIED"
              }
            ],
            "networking_mode": "VPC_NATIVE",
            "node_config": [
              {
                "disk_size_gb": 100,
                "disk_type": "pd-standard",
                "guest_accelerator": [],
                "image_type": "COS_CONTAINERD",
                "labels": {},
                "local_ssd_count": 0,
                "machine_type": "e2-medium",
                "metadata": {
                  "disable-legacy-endpoints": "true"
                },
                "min_cpu_platform": "",
                "oauth_scopes": [
                  "https://www.googleapis.com/auth/devstorage.read_only",
                  "https://www.googleapis.com/auth/logging.write",
                  "https://www.googleapis.com/auth/monitoring",
                  "https://www.googleapis.com/auth/service.management.readonly",
                  "https://www.googleapis.com/auth/servicecontrol",
                  "https://www.googleapis.com/auth/trace.append"
                ],
                "preemptible": false,
                "service_account": "default",
                "shielded_instance_config": [
                  {
                    "enable_integrity_monitoring": true,
                    "enable_secure_boot": false
                  }
                ],
                "tags": [],
                "taint": [],
                "workload_metadata_config": []
              }
            ],
            "node_locations": [
              "us-central1-b",
              "us-central1-c",
              "us-central1-f"
            ],
            "node_pool": [
              {
                "autoscaling": [],
                "initial_node_count": 1,
                "instance_group_urls": [
                  "https://www.googleapis.com/compute/v1/projects/angular-cosmos-280512/zones/us-central1-f/instanceGroupManagers/gke-hello-cluster-default-pool-c724dfc7-grp",
                  "https://www.googleapis.com/compute/v1/projects/angular-cosmos-280512/zones/us-central1-b/instanceGroupManagers/gke-hello-cluster-default-pool-74574a6f-grp",
                  "https://www.googleapis.com/compute/v1/projects/angular-cosmos-280512/zones/us-central1-c/instanceGroupManagers/gke-hello-cluster-default-pool-f6b626b5-grp"
                ],
                "management": [
                  {
                    "auto_repair": true,
                    "auto_upgrade": true
                  }
                ],
                "max_pods_per_node": 110,
                "name": "default-pool",
                "name_prefix": "",
                "node_config": [
                  {
                    "disk_size_gb": 100,
                    "disk_type": "pd-standard",
                    "guest_accelerator": [],
                    "image_type": "COS_CONTAINERD",
                    "labels": {},
                    "local_ssd_count": 0,
                    "machine_type": "e2-medium",
                    "metadata": {
                      "disable-legacy-endpoints": "true"
                    },
                    "min_cpu_platform": "",
                    "oauth_scopes": [
                      "https://www.googleapis.com/auth/devstorage.read_only",
                      "https://www.googleapis.com/auth/logging.write",
                      "https://www.googleapis.com/auth/monitoring",
                      "https://www.googleapis.com/auth/service.management.readonly",
                      "https://www.googleapis.com/auth/servicecontrol",
                      "https://www.googleapis.com/auth/trace.append"
                    ],
                    "preemptible": false,
                    "service_account": "default",
                    "shielded_instance_config": [
                      {
                        "enable_integrity_monitoring": true,
                        "enable_secure_boot": false
                      }
                    ],
                    "tags": [],
                    "taint": [],
                    "workload_metadata_config": []
                  }
                ],
                "node_count": 1,
                "node_locations": [
                  "us-central1-b",
                  "us-central1-c",
                  "us-central1-f"
                ],
                "upgrade_settings": [
                  {
                    "max_surge": 1,
                    "max_unavailable": 0
                  }
                ],
                "version": "1.22.8-gke.202"
              }
            ],
            "node_version": "1.22.8-gke.202",
            "operation": null,
            "pod_security_policy_config": [],
            "private_cluster_config": [],
            "private_ipv6_google_access": "",
            "project": "angular-cosmos-280512",
            "release_channel": [
              {
                "channel": "REGULAR"
              }
            ],
            "remove_default_node_pool": null,
            "resource_labels": {},
            "resource_usage_export_config": [],
            "self_link": "https://container.googleapis.com/v1beta1/projects/angular-cosmos-280512/locations/us-central1/clusters/hello-cluster",
            "services_ipv4_cidr": "10.68.0.0/20",
            "subnetwork": "projects/angular-cosmos-280512/regions/us-central1/subnetworks/default",
            "timeouts": {
              "create": null,
              "delete": null,
              "read": null,
              "update": null
            },
            "tpu_ipv4_cidr_block": "",
            "vertical_pod_autoscaling": [],
            "workload_identity_config": []
          },
          "sensitive_attributes": [],
          "private": "eyJlMmJmYjczMC1lY2FhLTExZTYtOGY4OC0zNDM2M2JjN2M0YzAiOnsiY3JlYXRlIjoyNDAwMDAwMDAwMDAwLCJkZWxldGUiOjI0MDAwMDAwMDAwMDAsInJlYWQiOjI0MDAwMDAwMDAwMDAsInVwZGF0ZSI6MzYwMDAwMDAwMDAwMH0sInNjaGVtYV92ZXJzaW9uIjoiMSJ9"
        }
      ]
    },
    {
      "mode": "managed",
      "type": "google_container_node_pool",
      "name": "hello_cluster_nodes",
      "provider": "provider[\"registry.terraform.io/hashicorp/google\"]",
      "instances": [
        {
          "schema_version": 1,
          "attributes": {
            "autoscaling": [],
            "cluster": "hello-cluster",
            "id": "projects/angular-cosmos-280512/locations/us-central1/clusters/hello-cluster/nodePools/default-pool",
            "initial_node_count": 1,
            "instance_group_urls": [
              "https://www.googleapis.com/compute/v1/projects/angular-cosmos-280512/zones/us-central1-f/instanceGroupManagers/gke-hello-cluster-default-pool-c724dfc7-grp",
              "https://www.googleapis.com/compute/v1/projects/angular-cosmos-280512/zones/us-central1-b/instanceGroupManagers/gke-hello-cluster-default-pool-74574a6f-grp",
              "https://www.googleapis.com/compute/v1/projects/angular-cosmos-280512/zones/us-central1-c/instanceGroupManagers/gke-hello-cluster-default-pool-f6b626b5-grp"
            ],
            "location": "us-central1",
            "management": [
              {
                "auto_repair": true,
                "auto_upgrade": true
              }
            ],
            "max_pods_per_node": 110,
            "name": "default-pool",
            "name_prefix": "",
            "node_config": [
              {
                "disk_size_gb": 100,
                "disk_type": "pd-standard",
                "guest_accelerator": [],
                "image_type": "COS_CONTAINERD",
                "labels": {},
                "local_ssd_count": 0,
                "machine_type": "e2-medium",
                "metadata": {
                  "disable-legacy-endpoints": "true"
                },
                "min_cpu_platform": "",
                "oauth_scopes": [
                  "https://www.googleapis.com/auth/devstorage.read_only",
                  "https://www.googleapis.com/auth/logging.write",
                  "https://www.googleapis.com/auth/monitoring",
                  "https://www.googleapis.com/auth/service.management.readonly",
                  "https://www.googleapis.com/auth/servicecontrol",
                  "https://www.googleapis.com/auth/trace.append"
                ],
                "preemptible": false,
                "service_account": "default",
                "shielded_instance_config": [
                  {
                    "enable_integrity_monitoring": true,
                    "enable_secure_boot": false
                  }
                ],
                "tags": [],
                "taint": [],
                "workload_metadata_config": []
              }
            ],
            "node_count": 1,
            "node_locations": [
              "us-central1-b",
              "us-central1-c",
              "us-central1-f"
            ],
            "operation": null,
            "project": "angular-cosmos-280512",
            "timeouts": {
              "create": null,
              "delete": null,
              "update": null
            },
            "upgrade_settings": [
              {
                "max_surge": 1,
                "max_unavailable": 0
              }
            ],
            "version": "1.22.8-gke.202"
          },
          "sensitive_attributes": [],
          "private": "eyJlMmJmYjczMC1lY2FhLTExZTYtOGY4OC0zNDM2M2JjN2M0YzAiOnsiY3JlYXRlIjoxODAwMDAwMDAwMDAwLCJkZWxldGUiOjE4MDAwMDAwMDAwMDAsInVwZGF0ZSI6MTgwMDAwMDAwMDAwMH0sInNjaGVtYV92ZXJzaW9uIjoiMSJ9"
        }
      ]
    }
  ]
}
